// !$*UTF8*$!
{
	archiveVersion = 1;
	classes = {
	};
	objectVersion = 46;
	objects = {

/* Begin PBXBuildFile section */
		0F01B3B4171BD63E005AB97A /* UIKit.framework in Frameworks */ = {isa = PBXBuildFile; fileRef = 0F01B3B3171BD63E005AB97A /* UIKit.framework */; };
		0F01B3B6171BD63E005AB97A /* Foundation.framework in Frameworks */ = {isa = PBXBuildFile; fileRef = 0F01B3B5171BD63E005AB97A /* Foundation.framework */; };
		0F01B3B8171BD63E005AB97A /* CoreGraphics.framework in Frameworks */ = {isa = PBXBuildFile; fileRef = 0F01B3B7171BD63E005AB97A /* CoreGraphics.framework */; };
		0F01B3BE171BD63E005AB97A /* InfoPlist.strings in Resources */ = {isa = PBXBuildFile; fileRef = 0F01B3BC171BD63E005AB97A /* InfoPlist.strings */; };
		0F01B3C0171BD63E005AB97A /* main.m in Sources */ = {isa = PBXBuildFile; fileRef = 0F01B3BF171BD63E005AB97A /* main.m */; };
		0F01B3C4171BD63E005AB97A /* AppDelegate.m in Sources */ = {isa = PBXBuildFile; fileRef = 0F01B3C3171BD63E005AB97A /* AppDelegate.m */; };
		0F01B3C6171BD63E005AB97A /* Default.png in Resources */ = {isa = PBXBuildFile; fileRef = 0F01B3C5171BD63E005AB97A /* Default.png */; };
		0F01B3C8171BD63E005AB97A /* Default@2x.png in Resources */ = {isa = PBXBuildFile; fileRef = 0F01B3C7171BD63E005AB97A /* Default@2x.png */; };
		0F01B3CA171BD63E005AB97A /* Default-568h@2x.png in Resources */ = {isa = PBXBuildFile; fileRef = 0F01B3C9171BD63E005AB97A /* Default-568h@2x.png */; };
		0F01B3DA171C1571005AB97A /* RecommendViewController.m in Sources */ = {isa = PBXBuildFile; fileRef = 0F01B3D9171C1571005AB97A /* RecommendViewController.m */; };
		0F01B3DE171C15D8005AB97A /* BoardViewController.m in Sources */ = {isa = PBXBuildFile; fileRef = 0F01B3DD171C15D8005AB97A /* BoardViewController.m */; };
		0F01B3E1171C15FF005AB97A /* SearchViewController.m in Sources */ = {isa = PBXBuildFile; fileRef = 0F01B3E0171C15FF005AB97A /* SearchViewController.m */; };
		0F01B3E4171C1637005AB97A /* BookmarkViewController.m in Sources */ = {isa = PBXBuildFile; fileRef = 0F01B3E3171C1637005AB97A /* BookmarkViewController.m */; };
		0F01B3E7171C164F005AB97A /* MoreViewController.m in Sources */ = {isa = PBXBuildFile; fileRef = 0F01B3E6171C164F005AB97A /* MoreViewController.m */; };
		0F01B3ED171C1770005AB97A /* CustomTabbarViewController.m in Sources */ = {isa = PBXBuildFile; fileRef = 0F01B3EC171C1770005AB97A /* CustomTabbarViewController.m */; };
		0F01B3F7171C1DBE005AB97A /* tabbar_home.png in Resources */ = {isa = PBXBuildFile; fileRef = 0F01B3F4171C1DBE005AB97A /* tabbar_home.png */; };
		0F01B3F8171C1DBE005AB97A /* tabbar_rec.png in Resources */ = {isa = PBXBuildFile; fileRef = 0F01B3F5171C1DBE005AB97A /* tabbar_rec.png */; };
		0F01B3F9171C1DBE005AB97A /* tabbar_mark.png in Resources */ = {isa = PBXBuildFile; fileRef = 0F01B3F6171C1DBE005AB97A /* tabbar_mark.png */; };
		0F07BF74171D46CC0002D7CE /* UControllerView.m in Sources */ = {isa = PBXBuildFile; fileRef = 0F07BF73171D46CC0002D7CE /* UControllerView.m */; };
		0F07BF77171D46E20002D7CE /* UWCollectionViewCell.m in Sources */ = {isa = PBXBuildFile; fileRef = 0F07BF76171D46E20002D7CE /* UWCollectionViewCell.m */; };
		0F07BF7A171D47030002D7CE /* UWCollectionViewLayout.m in Sources */ = {isa = PBXBuildFile; fileRef = 0F07BF79171D47030002D7CE /* UWCollectionViewLayout.m */; };
		0F07BF7D171D47160002D7CE /* UWView.m in Sources */ = {isa = PBXBuildFile; fileRef = 0F07BF7C171D47160002D7CE /* UWView.m */; };
		0F1D0F1A171D4D83006DB9E1 /* CoreData.framework in Frameworks */ = {isa = PBXBuildFile; fileRef = 0F1D0F19171D4D83006DB9E1 /* CoreData.framework */; };
		0F1D0F1D171D4DB8006DB9E1 /* Model.xcdatamodeld in Sources */ = {isa = PBXBuildFile; fileRef = 0F1D0F1B171D4DB8006DB9E1 /* Model.xcdatamodeld */; settings = {COMPILER_FLAGS = "-fobjc-arc"; }; };
		0F1D0F1F171D50AA006DB9E1 /* CoreImage.framework in Frameworks */ = {isa = PBXBuildFile; fileRef = 0F1D0F1E171D50AA006DB9E1 /* CoreImage.framework */; };
		0F1D0F21171D50B4006DB9E1 /* ImageIO.framework in Frameworks */ = {isa = PBXBuildFile; fileRef = 0F1D0F20171D50B4006DB9E1 /* ImageIO.framework */; };
		0F1D0F23171D50C2006DB9E1 /* QuartzCore.framework in Frameworks */ = {isa = PBXBuildFile; fileRef = 0F1D0F22171D50C2006DB9E1 /* QuartzCore.framework */; };
		0F1D0F25171D50F8006DB9E1 /* MapKit.framework in Frameworks */ = {isa = PBXBuildFile; fileRef = 0F1D0F24171D50F8006DB9E1 /* MapKit.framework */; };
		0F1D0F3C171D5248006DB9E1 /* MKAnnotationView+WebCache.m in Sources */ = {isa = PBXBuildFile; fileRef = 0F1D0F28171D5248006DB9E1 /* MKAnnotationView+WebCache.m */; settings = {COMPILER_FLAGS = "-fobjc-arc"; }; };
		0F1D0F3D171D5248006DB9E1 /* SDImageCache.m in Sources */ = {isa = PBXBuildFile; fileRef = 0F1D0F2A171D5248006DB9E1 /* SDImageCache.m */; settings = {COMPILER_FLAGS = "-fobjc-arc"; }; };
		0F1D0F3E171D5248006DB9E1 /* SDWebImageCompat.m in Sources */ = {isa = PBXBuildFile; fileRef = 0F1D0F2C171D5248006DB9E1 /* SDWebImageCompat.m */; settings = {COMPILER_FLAGS = "-fobjc-arc"; }; };
		0F1D0F3F171D5248006DB9E1 /* SDWebImageDecoder.m in Sources */ = {isa = PBXBuildFile; fileRef = 0F1D0F2E171D5248006DB9E1 /* SDWebImageDecoder.m */; settings = {COMPILER_FLAGS = "-fobjc-arc"; }; };
		0F1D0F40171D5248006DB9E1 /* SDWebImageDownloader.m in Sources */ = {isa = PBXBuildFile; fileRef = 0F1D0F30171D5248006DB9E1 /* SDWebImageDownloader.m */; settings = {COMPILER_FLAGS = "-fobjc-arc"; }; };
		0F1D0F41171D5248006DB9E1 /* SDWebImageDownloaderOperation.m in Sources */ = {isa = PBXBuildFile; fileRef = 0F1D0F32171D5248006DB9E1 /* SDWebImageDownloaderOperation.m */; settings = {COMPILER_FLAGS = "-fobjc-arc"; }; };
		0F1D0F42171D5248006DB9E1 /* SDWebImageManager.m in Sources */ = {isa = PBXBuildFile; fileRef = 0F1D0F34171D5248006DB9E1 /* SDWebImageManager.m */; settings = {COMPILER_FLAGS = "-fobjc-arc"; }; };
		0F1D0F43171D5248006DB9E1 /* SDWebImagePrefetcher.m in Sources */ = {isa = PBXBuildFile; fileRef = 0F1D0F37171D5248006DB9E1 /* SDWebImagePrefetcher.m */; settings = {COMPILER_FLAGS = "-fobjc-arc"; }; };
		0F1D0F44171D5248006DB9E1 /* UIButton+WebCache.m in Sources */ = {isa = PBXBuildFile; fileRef = 0F1D0F39171D5248006DB9E1 /* UIButton+WebCache.m */; settings = {COMPILER_FLAGS = "-fobjc-arc"; }; };
		0F1D0F45171D5248006DB9E1 /* UIImageView+WebCache.m in Sources */ = {isa = PBXBuildFile; fileRef = 0F1D0F3B171D5248006DB9E1 /* UIImageView+WebCache.m */; settings = {COMPILER_FLAGS = "-fobjc-arc"; }; };
		0F1D0F4B171D55EE006DB9E1 /* DefaultManager.m in Sources */ = {isa = PBXBuildFile; fileRef = 0F1D0F4A171D55EE006DB9E1 /* DefaultManager.m */; };
		0F1D0F5A171D6867006DB9E1 /* NSObject+SBJSON.m in Sources */ = {isa = PBXBuildFile; fileRef = 0F1D0F4F171D6867006DB9E1 /* NSObject+SBJSON.m */; };
		0F1D0F5B171D6867006DB9E1 /* NSString+SBJSON.m in Sources */ = {isa = PBXBuildFile; fileRef = 0F1D0F51171D6867006DB9E1 /* NSString+SBJSON.m */; };
		0F1D0F5C171D6867006DB9E1 /* SBJSON.m in Sources */ = {isa = PBXBuildFile; fileRef = 0F1D0F53171D6867006DB9E1 /* SBJSON.m */; };
		0F1D0F5D171D6867006DB9E1 /* SBJsonBase.m in Sources */ = {isa = PBXBuildFile; fileRef = 0F1D0F55171D6867006DB9E1 /* SBJsonBase.m */; };
		0F1D0F5E171D6867006DB9E1 /* SBJsonParser.m in Sources */ = {isa = PBXBuildFile; fileRef = 0F1D0F57171D6867006DB9E1 /* SBJsonParser.m */; };
		0F1D0F5F171D6867006DB9E1 /* SBJsonWriter.m in Sources */ = {isa = PBXBuildFile; fileRef = 0F1D0F59171D6867006DB9E1 /* SBJsonWriter.m */; };
		0F1D0F62171FD5EA006DB9E1 /* DownLoadReadViewController.m in Sources */ = {isa = PBXBuildFile; fileRef = 0F1D0F61171FD5EA006DB9E1 /* DownLoadReadViewController.m */; };
		0F1D0F65171FEBA7006DB9E1 /* SaveBookMarkViewController.m in Sources */ = {isa = PBXBuildFile; fileRef = 0F1D0F64171FEBA7006DB9E1 /* SaveBookMarkViewController.m */; };
		0F1D0F68171FF2CD006DB9E1 /* bookSave.m in Sources */ = {isa = PBXBuildFile; fileRef = 0F1D0F67171FF2CC006DB9E1 /* bookSave.m */; };
		0F1D0F6A171FFFDF006DB9E1 /* bookMark.png in Resources */ = {isa = PBXBuildFile; fileRef = 0F1D0F69171FFFDF006DB9E1 /* bookMark.png */; };
		0FF75A78171F8F2900D6AE14 /* CustomTableViewCell.m in Sources */ = {isa = PBXBuildFile; fileRef = 0FF75A77171F8F2900D6AE14 /* CustomTableViewCell.m */; };
		0FF75A7B171F8F5B00D6AE14 /* OneBoardListViewController.m in Sources */ = {isa = PBXBuildFile; fileRef = 0FF75A7A171F8F5B00D6AE14 /* OneBoardListViewController.m */; };
		0FF75A83171F9BB300D6AE14 /* jiazai.png in Resources */ = {isa = PBXBuildFile; fileRef = 0FF75A7C171F9BB200D6AE14 /* jiazai.png */; };
		0FF75A84171F9BB300D6AE14 /* beijing.png in Resources */ = {isa = PBXBuildFile; fileRef = 0FF75A7D171F9BB200D6AE14 /* beijing.png */; };
		0FF75A85171F9BB300D6AE14 /* 5.jpg in Resources */ = {isa = PBXBuildFile; fileRef = 0FF75A7E171F9BB200D6AE14 /* 5.jpg */; };
		0FF75A86171F9BB300D6AE14 /* 4.jpg in Resources */ = {isa = PBXBuildFile; fileRef = 0FF75A7F171F9BB200D6AE14 /* 4.jpg */; };
		0FF75A87171F9BB300D6AE14 /* 3.jpg in Resources */ = {isa = PBXBuildFile; fileRef = 0FF75A80171F9BB200D6AE14 /* 3.jpg */; };
		0FF75A88171F9BB300D6AE14 /* 2.jpg in Resources */ = {isa = PBXBuildFile; fileRef = 0FF75A81171F9BB200D6AE14 /* 2.jpg */; };
		0FF75A89171F9BB300D6AE14 /* 1.jpg in Resources */ = {isa = PBXBuildFile; fileRef = 0FF75A82171F9BB200D6AE14 /* 1.jpg */; };
		7219F291171E721F00E1CD9E /* RecommendBookDetilViewController.m in Sources */ = {isa = PBXBuildFile; fileRef = 7219F28F171E721F00E1CD9E /* RecommendBookDetilViewController.m */; };
		7219F292171E721F00E1CD9E /* RecommendBookDetilViewController.xib in Resources */ = {isa = PBXBuildFile; fileRef = 7219F290171E721F00E1CD9E /* RecommendBookDetilViewController.xib */; };
		7219F295171E7DD600E1CD9E /* Book.m in Sources */ = {isa = PBXBuildFile; fileRef = 7219F294171E7DD600E1CD9E /* Book.m */; };
		72A64119171EB98900C70203 /* ReadBookViewController.m in Sources */ = {isa = PBXBuildFile; fileRef = 72A64117171EB98900C70203 /* ReadBookViewController.m */; };
		72A6411A171EB98900C70203 /* ReadBookViewController.xib in Resources */ = {isa = PBXBuildFile; fileRef = 72A64118171EB98900C70203 /* ReadBookViewController.xib */; };
		72A6411E171EC1E800C70203 /* tabbar_search.png in Resources */ = {isa = PBXBuildFile; fileRef = 72A6411D171EC1E800C70203 /* tabbar_search.png */; };
		72A64120171EC40D00C70203 /* tabbar_more.png in Resources */ = {isa = PBXBuildFile; fileRef = 72A6411F171EC40D00C70203 /* tabbar_more.png */; };
		72FB8D01171E2E4400FC1B33 /* BookShelfCell@2x.png in Resources */ = {isa = PBXBuildFile; fileRef = 72FB8CFF171E2E4400FC1B33 /* BookShelfCell@2x.png */; };
		72FB8D02171E2E4400FC1B33 /* BookShelfCell.png in Resources */ = {isa = PBXBuildFile; fileRef = 72FB8D00171E2E4400FC1B33 /* BookShelfCell.png */; };
/* End PBXBuildFile section */

/* Begin PBXFileReference section */
		0F01B3AF171BD63E005AB97A /* ReadBook.app */ = {isa = PBXFileReference; explicitFileType = wrapper.application; includeInIndex = 0; path = ReadBook.app; sourceTree = BUILT_PRODUCTS_DIR; };
		0F01B3B3171BD63E005AB97A /* UIKit.framework */ = {isa = PBXFileReference; lastKnownFileType = wrapper.framework; name = UIKit.framework; path = System/Library/Frameworks/UIKit.framework; sourceTree = SDKROOT; };
		0F01B3B5171BD63E005AB97A /* Foundation.framework */ = {isa = PBXFileReference; lastKnownFileType = wrapper.framework; name = Foundation.framework; path = System/Library/Frameworks/Foundation.framework; sourceTree = SDKROOT; };
		0F01B3B7171BD63E005AB97A /* CoreGraphics.framework */ = {isa = PBXFileReference; lastKnownFileType = wrapper.framework; name = CoreGraphics.framework; path = System/Library/Frameworks/CoreGraphics.framework; sourceTree = SDKROOT; };
		0F01B3BB171BD63E005AB97A /* ReadBook-Info.plist */ = {isa = PBXFileReference; lastKnownFileType = text.plist.xml; path = "ReadBook-Info.plist"; sourceTree = "<group>"; };
		0F01B3BD171BD63E005AB97A /* en */ = {isa = PBXFileReference; lastKnownFileType = text.plist.strings; name = en; path = en.lproj/InfoPlist.strings; sourceTree = "<group>"; };
		0F01B3BF171BD63E005AB97A /* main.m */ = {isa = PBXFileReference; lastKnownFileType = sourcecode.c.objc; path = main.m; sourceTree = "<group>"; };
		0F01B3C1171BD63E005AB97A /* ReadBook-Prefix.pch */ = {isa = PBXFileReference; lastKnownFileType = sourcecode.c.h; path = "ReadBook-Prefix.pch"; sourceTree = "<group>"; };
		0F01B3C2171BD63E005AB97A /* AppDelegate.h */ = {isa = PBXFileReference; lastKnownFileType = sourcecode.c.h; path = AppDelegate.h; sourceTree = "<group>"; };
		0F01B3C3171BD63E005AB97A /* AppDelegate.m */ = {isa = PBXFileReference; lastKnownFileType = sourcecode.c.objc; path = AppDelegate.m; sourceTree = "<group>"; };
		0F01B3C5171BD63E005AB97A /* Default.png */ = {isa = PBXFileReference; lastKnownFileType = image.png; path = Default.png; sourceTree = "<group>"; };
		0F01B3C7171BD63E005AB97A /* Default@2x.png */ = {isa = PBXFileReference; lastKnownFileType = image.png; path = "Default@2x.png"; sourceTree = "<group>"; };
		0F01B3C9171BD63E005AB97A /* Default-568h@2x.png */ = {isa = PBXFileReference; lastKnownFileType = image.png; path = "Default-568h@2x.png"; sourceTree = "<group>"; };
		0F01B3D8171C1571005AB97A /* RecommendViewController.h */ = {isa = PBXFileReference; fileEncoding = 4; lastKnownFileType = sourcecode.c.h; path = RecommendViewController.h; sourceTree = "<group>"; };
		0F01B3D9171C1571005AB97A /* RecommendViewController.m */ = {isa = PBXFileReference; fileEncoding = 4; lastKnownFileType = sourcecode.c.objc; path = RecommendViewController.m; sourceTree = "<group>"; };
		0F01B3DC171C15D8005AB97A /* BoardViewController.h */ = {isa = PBXFileReference; fileEncoding = 4; lastKnownFileType = sourcecode.c.h; path = BoardViewController.h; sourceTree = "<group>"; };
		0F01B3DD171C15D8005AB97A /* BoardViewController.m */ = {isa = PBXFileReference; fileEncoding = 4; lastKnownFileType = sourcecode.c.objc; path = BoardViewController.m; sourceTree = "<group>"; };
		0F01B3DF171C15FF005AB97A /* SearchViewController.h */ = {isa = PBXFileReference; fileEncoding = 4; lastKnownFileType = sourcecode.c.h; path = SearchViewController.h; sourceTree = "<group>"; };
		0F01B3E0171C15FF005AB97A /* SearchViewController.m */ = {isa = PBXFileReference; fileEncoding = 4; lastKnownFileType = sourcecode.c.objc; path = SearchViewController.m; sourceTree = "<group>"; };
		0F01B3E2171C1637005AB97A /* BookmarkViewController.h */ = {isa = PBXFileReference; fileEncoding = 4; lastKnownFileType = sourcecode.c.h; path = BookmarkViewController.h; sourceTree = "<group>"; };
		0F01B3E3171C1637005AB97A /* BookmarkViewController.m */ = {isa = PBXFileReference; fileEncoding = 4; lastKnownFileType = sourcecode.c.objc; path = BookmarkViewController.m; sourceTree = "<group>"; };
		0F01B3E5171C164F005AB97A /* MoreViewController.h */ = {isa = PBXFileReference; fileEncoding = 4; lastKnownFileType = sourcecode.c.h; path = MoreViewController.h; sourceTree = "<group>"; };
		0F01B3E6171C164F005AB97A /* MoreViewController.m */ = {isa = PBXFileReference; fileEncoding = 4; lastKnownFileType = sourcecode.c.objc; path = MoreViewController.m; sourceTree = "<group>"; };
		0F01B3EB171C1770005AB97A /* CustomTabbarViewController.h */ = {isa = PBXFileReference; fileEncoding = 4; lastKnownFileType = sourcecode.c.h; path = CustomTabbarViewController.h; sourceTree = "<group>"; };
		0F01B3EC171C1770005AB97A /* CustomTabbarViewController.m */ = {isa = PBXFileReference; fileEncoding = 4; lastKnownFileType = sourcecode.c.objc; path = CustomTabbarViewController.m; sourceTree = "<group>"; };
		0F01B3F4171C1DBE005AB97A /* tabbar_home.png */ = {isa = PBXFileReference; lastKnownFileType = image.png; path = tabbar_home.png; sourceTree = "<group>"; };
		0F01B3F5171C1DBE005AB97A /* tabbar_rec.png */ = {isa = PBXFileReference; lastKnownFileType = image.png; path = tabbar_rec.png; sourceTree = "<group>"; };
		0F01B3F6171C1DBE005AB97A /* tabbar_mark.png */ = {isa = PBXFileReference; lastKnownFileType = image.png; path = tabbar_mark.png; sourceTree = "<group>"; };
		0F07BF72171D46CC0002D7CE /* UControllerView.h */ = {isa = PBXFileReference; fileEncoding = 4; lastKnownFileType = sourcecode.c.h; path = UControllerView.h; sourceTree = "<group>"; };
		0F07BF73171D46CC0002D7CE /* UControllerView.m */ = {isa = PBXFileReference; fileEncoding = 4; lastKnownFileType = sourcecode.c.objc; path = UControllerView.m; sourceTree = "<group>"; };
		0F07BF75171D46E20002D7CE /* UWCollectionViewCell.h */ = {isa = PBXFileReference; fileEncoding = 4; lastKnownFileType = sourcecode.c.h; path = UWCollectionViewCell.h; sourceTree = "<group>"; };
		0F07BF76171D46E20002D7CE /* UWCollectionViewCell.m */ = {isa = PBXFileReference; fileEncoding = 4; lastKnownFileType = sourcecode.c.objc; path = UWCollectionViewCell.m; sourceTree = "<group>"; };
		0F07BF78171D47030002D7CE /* UWCollectionViewLayout.h */ = {isa = PBXFileReference; fileEncoding = 4; lastKnownFileType = sourcecode.c.h; path = UWCollectionViewLayout.h; sourceTree = "<group>"; };
		0F07BF79171D47030002D7CE /* UWCollectionViewLayout.m */ = {isa = PBXFileReference; fileEncoding = 4; lastKnownFileType = sourcecode.c.objc; path = UWCollectionViewLayout.m; sourceTree = "<group>"; };
		0F07BF7B171D47160002D7CE /* UWView.h */ = {isa = PBXFileReference; fileEncoding = 4; lastKnownFileType = sourcecode.c.h; path = UWView.h; sourceTree = "<group>"; };
		0F07BF7C171D47160002D7CE /* UWView.m */ = {isa = PBXFileReference; fileEncoding = 4; lastKnownFileType = sourcecode.c.objc; path = UWView.m; sourceTree = "<group>"; };
		0F1D0F19171D4D83006DB9E1 /* CoreData.framework */ = {isa = PBXFileReference; lastKnownFileType = wrapper.framework; name = CoreData.framework; path = System/Library/Frameworks/CoreData.framework; sourceTree = SDKROOT; };
		0F1D0F1C171D4DB8006DB9E1 /* Model.xcdatamodel */ = {isa = PBXFileReference; lastKnownFileType = wrapper.xcdatamodel; path = Model.xcdatamodel; sourceTree = "<group>"; };
		0F1D0F1E171D50AA006DB9E1 /* CoreImage.framework */ = {isa = PBXFileReference; lastKnownFileType = wrapper.framework; name = CoreImage.framework; path = System/Library/Frameworks/CoreImage.framework; sourceTree = SDKROOT; };
		0F1D0F20171D50B4006DB9E1 /* ImageIO.framework */ = {isa = PBXFileReference; lastKnownFileType = wrapper.framework; name = ImageIO.framework; path = System/Library/Frameworks/ImageIO.framework; sourceTree = SDKROOT; };
		0F1D0F22171D50C2006DB9E1 /* QuartzCore.framework */ = {isa = PBXFileReference; lastKnownFileType = wrapper.framework; name = QuartzCore.framework; path = System/Library/Frameworks/QuartzCore.framework; sourceTree = SDKROOT; };
		0F1D0F24171D50F8006DB9E1 /* MapKit.framework */ = {isa = PBXFileReference; lastKnownFileType = wrapper.framework; name = MapKit.framework; path = System/Library/Frameworks/MapKit.framework; sourceTree = SDKROOT; };
		0F1D0F27171D5248006DB9E1 /* MKAnnotationView+WebCache.h */ = {isa = PBXFileReference; fileEncoding = 4; lastKnownFileType = sourcecode.c.h; path = "MKAnnotationView+WebCache.h"; sourceTree = "<group>"; };
		0F1D0F28171D5248006DB9E1 /* MKAnnotationView+WebCache.m */ = {isa = PBXFileReference; fileEncoding = 4; lastKnownFileType = sourcecode.c.objc; path = "MKAnnotationView+WebCache.m"; sourceTree = "<group>"; };
		0F1D0F29171D5248006DB9E1 /* SDImageCache.h */ = {isa = PBXFileReference; fileEncoding = 4; lastKnownFileType = sourcecode.c.h; path = SDImageCache.h; sourceTree = "<group>"; };
		0F1D0F2A171D5248006DB9E1 /* SDImageCache.m */ = {isa = PBXFileReference; fileEncoding = 4; lastKnownFileType = sourcecode.c.objc; path = SDImageCache.m; sourceTree = "<group>"; };
		0F1D0F2B171D5248006DB9E1 /* SDWebImageCompat.h */ = {isa = PBXFileReference; fileEncoding = 4; lastKnownFileType = sourcecode.c.h; path = SDWebImageCompat.h; sourceTree = "<group>"; };
		0F1D0F2C171D5248006DB9E1 /* SDWebImageCompat.m */ = {isa = PBXFileReference; fileEncoding = 4; lastKnownFileType = sourcecode.c.objc; path = SDWebImageCompat.m; sourceTree = "<group>"; };
		0F1D0F2D171D5248006DB9E1 /* SDWebImageDecoder.h */ = {isa = PBXFileReference; fileEncoding = 4; lastKnownFileType = sourcecode.c.h; path = SDWebImageDecoder.h; sourceTree = "<group>"; };
		0F1D0F2E171D5248006DB9E1 /* SDWebImageDecoder.m */ = {isa = PBXFileReference; fileEncoding = 4; lastKnownFileType = sourcecode.c.objc; path = SDWebImageDecoder.m; sourceTree = "<group>"; };
		0F1D0F2F171D5248006DB9E1 /* SDWebImageDownloader.h */ = {isa = PBXFileReference; fileEncoding = 4; lastKnownFileType = sourcecode.c.h; path = SDWebImageDownloader.h; sourceTree = "<group>"; };
		0F1D0F30171D5248006DB9E1 /* SDWebImageDownloader.m */ = {isa = PBXFileReference; fileEncoding = 4; lastKnownFileType = sourcecode.c.objc; path = SDWebImageDownloader.m; sourceTree = "<group>"; };
		0F1D0F31171D5248006DB9E1 /* SDWebImageDownloaderOperation.h */ = {isa = PBXFileReference; fileEncoding = 4; lastKnownFileType = sourcecode.c.h; path = SDWebImageDownloaderOperation.h; sourceTree = "<group>"; };
		0F1D0F32171D5248006DB9E1 /* SDWebImageDownloaderOperation.m */ = {isa = PBXFileReference; fileEncoding = 4; lastKnownFileType = sourcecode.c.objc; path = SDWebImageDownloaderOperation.m; sourceTree = "<group>"; };
		0F1D0F33171D5248006DB9E1 /* SDWebImageManager.h */ = {isa = PBXFileReference; fileEncoding = 4; lastKnownFileType = sourcecode.c.h; path = SDWebImageManager.h; sourceTree = "<group>"; };
		0F1D0F34171D5248006DB9E1 /* SDWebImageManager.m */ = {isa = PBXFileReference; fileEncoding = 4; lastKnownFileType = sourcecode.c.objc; path = SDWebImageManager.m; sourceTree = "<group>"; };
		0F1D0F35171D5248006DB9E1 /* SDWebImageOperation.h */ = {isa = PBXFileReference; fileEncoding = 4; lastKnownFileType = sourcecode.c.h; path = SDWebImageOperation.h; sourceTree = "<group>"; };
		0F1D0F36171D5248006DB9E1 /* SDWebImagePrefetcher.h */ = {isa = PBXFileReference; fileEncoding = 4; lastKnownFileType = sourcecode.c.h; path = SDWebImagePrefetcher.h; sourceTree = "<group>"; };
		0F1D0F37171D5248006DB9E1 /* SDWebImagePrefetcher.m */ = {isa = PBXFileReference; fileEncoding = 4; lastKnownFileType = sourcecode.c.objc; path = SDWebImagePrefetcher.m; sourceTree = "<group>"; };
		0F1D0F38171D5248006DB9E1 /* UIButton+WebCache.h */ = {isa = PBXFileReference; fileEncoding = 4; lastKnownFileType = sourcecode.c.h; path = "UIButton+WebCache.h"; sourceTree = "<group>"; };
		0F1D0F39171D5248006DB9E1 /* UIButton+WebCache.m */ = {isa = PBXFileReference; fileEncoding = 4; lastKnownFileType = sourcecode.c.objc; path = "UIButton+WebCache.m"; sourceTree = "<group>"; };
		0F1D0F3A171D5248006DB9E1 /* UIImageView+WebCache.h */ = {isa = PBXFileReference; fileEncoding = 4; lastKnownFileType = sourcecode.c.h; path = "UIImageView+WebCache.h"; sourceTree = "<group>"; };
		0F1D0F3B171D5248006DB9E1 /* UIImageView+WebCache.m */ = {isa = PBXFileReference; fileEncoding = 4; lastKnownFileType = sourcecode.c.objc; path = "UIImageView+WebCache.m"; sourceTree = "<group>"; };
		0F1D0F49171D55EE006DB9E1 /* DefaultManager.h */ = {isa = PBXFileReference; fileEncoding = 4; lastKnownFileType = sourcecode.c.h; path = DefaultManager.h; sourceTree = "<group>"; };
		0F1D0F4A171D55EE006DB9E1 /* DefaultManager.m */ = {isa = PBXFileReference; fileEncoding = 4; lastKnownFileType = sourcecode.c.objc; path = DefaultManager.m; sourceTree = "<group>"; };
		0F1D0F4D171D6867006DB9E1 /* JSON.h */ = {isa = PBXFileReference; fileEncoding = 4; lastKnownFileType = sourcecode.c.h; path = JSON.h; sourceTree = "<group>"; };
		0F1D0F4E171D6867006DB9E1 /* NSObject+SBJSON.h */ = {isa = PBXFileReference; fileEncoding = 4; lastKnownFileType = sourcecode.c.h; path = "NSObject+SBJSON.h"; sourceTree = "<group>"; };
		0F1D0F4F171D6867006DB9E1 /* NSObject+SBJSON.m */ = {isa = PBXFileReference; fileEncoding = 4; lastKnownFileType = sourcecode.c.objc; path = "NSObject+SBJSON.m"; sourceTree = "<group>"; };
		0F1D0F50171D6867006DB9E1 /* NSString+SBJSON.h */ = {isa = PBXFileReference; fileEncoding = 4; lastKnownFileType = sourcecode.c.h; path = "NSString+SBJSON.h"; sourceTree = "<group>"; };
		0F1D0F51171D6867006DB9E1 /* NSString+SBJSON.m */ = {isa = PBXFileReference; fileEncoding = 4; lastKnownFileType = sourcecode.c.objc; path = "NSString+SBJSON.m"; sourceTree = "<group>"; };
		0F1D0F52171D6867006DB9E1 /* SBJSON.h */ = {isa = PBXFileReference; fileEncoding = 4; lastKnownFileType = sourcecode.c.h; path = SBJSON.h; sourceTree = "<group>"; };
		0F1D0F53171D6867006DB9E1 /* SBJSON.m */ = {isa = PBXFileReference; fileEncoding = 4; lastKnownFileType = sourcecode.c.objc; path = SBJSON.m; sourceTree = "<group>"; };
		0F1D0F54171D6867006DB9E1 /* SBJsonBase.h */ = {isa = PBXFileReference; fileEncoding = 4; lastKnownFileType = sourcecode.c.h; path = SBJsonBase.h; sourceTree = "<group>"; };
		0F1D0F55171D6867006DB9E1 /* SBJsonBase.m */ = {isa = PBXFileReference; fileEncoding = 4; lastKnownFileType = sourcecode.c.objc; path = SBJsonBase.m; sourceTree = "<group>"; };
		0F1D0F56171D6867006DB9E1 /* SBJsonParser.h */ = {isa = PBXFileReference; fileEncoding = 4; lastKnownFileType = sourcecode.c.h; path = SBJsonParser.h; sourceTree = "<group>"; };
		0F1D0F57171D6867006DB9E1 /* SBJsonParser.m */ = {isa = PBXFileReference; fileEncoding = 4; lastKnownFileType = sourcecode.c.objc; path = SBJsonParser.m; sourceTree = "<group>"; };
		0F1D0F58171D6867006DB9E1 /* SBJsonWriter.h */ = {isa = PBXFileReference; fileEncoding = 4; lastKnownFileType = sourcecode.c.h; path = SBJsonWriter.h; sourceTree = "<group>"; };
		0F1D0F59171D6867006DB9E1 /* SBJsonWriter.m */ = {isa = PBXFileReference; fileEncoding = 4; lastKnownFileType = sourcecode.c.objc; path = SBJsonWriter.m; sourceTree = "<group>"; };
		0F1D0F60171FD5EA006DB9E1 /* DownLoadReadViewController.h */ = {isa = PBXFileReference; fileEncoding = 4; lastKnownFileType = sourcecode.c.h; path = DownLoadReadViewController.h; sourceTree = "<group>"; };
		0F1D0F61171FD5EA006DB9E1 /* DownLoadReadViewController.m */ = {isa = PBXFileReference; fileEncoding = 4; lastKnownFileType = sourcecode.c.objc; path = DownLoadReadViewController.m; sourceTree = "<group>"; };
		0F1D0F63171FEBA7006DB9E1 /* SaveBookMarkViewController.h */ = {isa = PBXFileReference; fileEncoding = 4; lastKnownFileType = sourcecode.c.h; path = SaveBookMarkViewController.h; sourceTree = "<group>"; };
		0F1D0F64171FEBA7006DB9E1 /* SaveBookMarkViewController.m */ = {isa = PBXFileReference; fileEncoding = 4; lastKnownFileType = sourcecode.c.objc; path = SaveBookMarkViewController.m; sourceTree = "<group>"; };
		0F1D0F66171FF2CC006DB9E1 /* bookSave.h */ = {isa = PBXFileReference; fileEncoding = 4; lastKnownFileType = sourcecode.c.h; path = bookSave.h; sourceTree = "<group>"; };
		0F1D0F67171FF2CC006DB9E1 /* bookSave.m */ = {isa = PBXFileReference; fileEncoding = 4; lastKnownFileType = sourcecode.c.objc; path = bookSave.m; sourceTree = "<group>"; };
		0F1D0F69171FFFDF006DB9E1 /* bookMark.png */ = {isa = PBXFileReference; lastKnownFileType = image.png; path = bookMark.png; sourceTree = "<group>"; };
		0FF75A76171F8F2900D6AE14 /* CustomTableViewCell.h */ = {isa = PBXFileReference; fileEncoding = 4; lastKnownFileType = sourcecode.c.h; path = CustomTableViewCell.h; sourceTree = "<group>"; };
		0FF75A77171F8F2900D6AE14 /* CustomTableViewCell.m */ = {isa = PBXFileReference; fileEncoding = 4; lastKnownFileType = sourcecode.c.objc; path = CustomTableViewCell.m; sourceTree = "<group>"; };
		0FF75A79171F8F5B00D6AE14 /* OneBoardListViewController.h */ = {isa = PBXFileReference; fileEncoding = 4; lastKnownFileType = sourcecode.c.h; path = OneBoardListViewController.h; sourceTree = "<group>"; };
		0FF75A7A171F8F5B00D6AE14 /* OneBoardListViewController.m */ = {isa = PBXFileReference; fileEncoding = 4; lastKnownFileType = sourcecode.c.objc; path = OneBoardListViewController.m; sourceTree = "<group>"; };
		0FF75A7C171F9BB200D6AE14 /* jiazai.png */ = {isa = PBXFileReference; lastKnownFileType = image.png; path = jiazai.png; sourceTree = "<group>"; };
		0FF75A7D171F9BB200D6AE14 /* beijing.png */ = {isa = PBXFileReference; lastKnownFileType = image.png; path = beijing.png; sourceTree = "<group>"; };
		0FF75A7E171F9BB200D6AE14 /* 5.jpg */ = {isa = PBXFileReference; lastKnownFileType = image.jpeg; path = 5.jpg; sourceTree = "<group>"; };
		0FF75A7F171F9BB200D6AE14 /* 4.jpg */ = {isa = PBXFileReference; lastKnownFileType = image.jpeg; path = 4.jpg; sourceTree = "<group>"; };
		0FF75A80171F9BB200D6AE14 /* 3.jpg */ = {isa = PBXFileReference; lastKnownFileType = image.jpeg; path = 3.jpg; sourceTree = "<group>"; };
		0FF75A81171F9BB200D6AE14 /* 2.jpg */ = {isa = PBXFileReference; lastKnownFileType = image.jpeg; path = 2.jpg; sourceTree = "<group>"; };
		0FF75A82171F9BB200D6AE14 /* 1.jpg */ = {isa = PBXFileReference; lastKnownFileType = image.jpeg; path = 1.jpg; sourceTree = "<group>"; };
		7219F28E171E721F00E1CD9E /* RecommendBookDetilViewController.h */ = {isa = PBXFileReference; fileEncoding = 4; lastKnownFileType = sourcecode.c.h; path = RecommendBookDetilViewController.h; sourceTree = "<group>"; };
		7219F28F171E721F00E1CD9E /* RecommendBookDetilViewController.m */ = {isa = PBXFileReference; fileEncoding = 4; lastKnownFileType = sourcecode.c.objc; path = RecommendBookDetilViewController.m; sourceTree = "<group>"; };
		7219F290171E721F00E1CD9E /* RecommendBookDetilViewController.xib */ = {isa = PBXFileReference; fileEncoding = 4; lastKnownFileType = file.xib; path = RecommendBookDetilViewController.xib; sourceTree = "<group>"; };
		7219F293171E7DD600E1CD9E /* Book.h */ = {isa = PBXFileReference; fileEncoding = 4; lastKnownFileType = sourcecode.c.h; path = Book.h; sourceTree = "<group>"; };
		7219F294171E7DD600E1CD9E /* Book.m */ = {isa = PBXFileReference; fileEncoding = 4; lastKnownFileType = sourcecode.c.objc; path = Book.m; sourceTree = "<group>"; };
		72A64116171EB98900C70203 /* ReadBookViewController.h */ = {isa = PBXFileReference; fileEncoding = 4; lastKnownFileType = sourcecode.c.h; path = ReadBookViewController.h; sourceTree = "<group>"; };
		72A64117171EB98900C70203 /* ReadBookViewController.m */ = {isa = PBXFileReference; fileEncoding = 4; lastKnownFileType = sourcecode.c.objc; path = ReadBookViewController.m; sourceTree = "<group>"; };
		72A64118171EB98900C70203 /* ReadBookViewController.xib */ = {isa = PBXFileReference; fileEncoding = 4; lastKnownFileType = file.xib; path = ReadBookViewController.xib; sourceTree = "<group>"; };
		72A6411D171EC1E800C70203 /* tabbar_search.png */ = {isa = PBXFileReference; lastKnownFileType = image.png; path = tabbar_search.png; sourceTree = "<group>"; };
		72A6411F171EC40D00C70203 /* tabbar_more.png */ = {isa = PBXFileReference; lastKnownFileType = image.png; path = tabbar_more.png; sourceTree = "<group>"; };
		72FB8CFF171E2E4400FC1B33 /* BookShelfCell@2x.png */ = {isa = PBXFileReference; lastKnownFileType = image.png; name = "BookShelfCell@2x.png"; path = "../../BookShelfCell@2x.png"; sourceTree = "<group>"; };
		72FB8D00171E2E4400FC1B33 /* BookShelfCell.png */ = {isa = PBXFileReference; lastKnownFileType = image.png; name = BookShelfCell.png; path = ../../BookShelfCell.png; sourceTree = "<group>"; };
/* End PBXFileReference section */

/* Begin PBXFrameworksBuildPhase section */
		0F01B3AC171BD63E005AB97A /* Frameworks */ = {
			isa = PBXFrameworksBuildPhase;
			buildActionMask = 2147483647;
			files = (
				0F1D0F25171D50F8006DB9E1 /* MapKit.framework in Frameworks */,
				0F1D0F23171D50C2006DB9E1 /* QuartzCore.framework in Frameworks */,
				0F1D0F21171D50B4006DB9E1 /* ImageIO.framework in Frameworks */,
				0F1D0F1F171D50AA006DB9E1 /* CoreImage.framework in Frameworks */,
				0F1D0F1A171D4D83006DB9E1 /* CoreData.framework in Frameworks */,
				0F01B3B4171BD63E005AB97A /* UIKit.framework in Frameworks */,
				0F01B3B6171BD63E005AB97A /* Foundation.framework in Frameworks */,
				0F01B3B8171BD63E005AB97A /* CoreGraphics.framework in Frameworks */,
			);
			runOnlyForDeploymentPostprocessing = 0;
		};
/* End PBXFrameworksBuildPhase section */

/* Begin PBXGroup section */
		0F01B3A4171BD63E005AB97A = {
			isa = PBXGroup;
			children = (
				0F1D0F4C171D6867006DB9E1 /* json */,
				0F1D0F26171D5248006DB9E1 /* UIImageView+WebCache */,
				0F01B3B9171BD63E005AB97A /* ReadBook */,
				0F01B3B2171BD63E005AB97A /* Frameworks */,
				0F01B3B0171BD63E005AB97A /* Products */,
			);
			sourceTree = "<group>";
		};
		0F01B3B0171BD63E005AB97A /* Products */ = {
			isa = PBXGroup;
			children = (
				0F01B3AF171BD63E005AB97A /* ReadBook.app */,
			);
			name = Products;
			sourceTree = "<group>";
		};
		0F01B3B2171BD63E005AB97A /* Frameworks */ = {
			isa = PBXGroup;
			children = (
				0F1D0F1E171D50AA006DB9E1 /* CoreImage.framework */,
				0F1D0F20171D50B4006DB9E1 /* ImageIO.framework */,
				0F1D0F22171D50C2006DB9E1 /* QuartzCore.framework */,
				0F1D0F24171D50F8006DB9E1 /* MapKit.framework */,
				0F1D0F19171D4D83006DB9E1 /* CoreData.framework */,
				0F01B3B3171BD63E005AB97A /* UIKit.framework */,
				0F01B3B5171BD63E005AB97A /* Foundation.framework */,
				0F01B3B7171BD63E005AB97A /* CoreGraphics.framework */,
			);
			name = Frameworks;
			sourceTree = "<group>";
		};
		0F01B3B9171BD63E005AB97A /* ReadBook */ = {
			isa = PBXGroup;
			children = (
				0F700DA7171D424900834995 /* 搜索 */,
				0F1D0F18171D4D01006DB9E1 /* Model */,
				0F700DA5171D422A00834995 /* 推荐 */,
				0F700DA6171D423B00834995 /* 专辑 */,
				0F700DA8171D425300834995 /* 书签 */,
				0F700DA9171D426B00834995 /* 更多 */,
				0F700DAA171D427500834995 /* main */,
				0F01B3F2171C1D69005AB97A /* Images */,
				0F01B3C2171BD63E005AB97A /* AppDelegate.h */,
				0F01B3C3171BD63E005AB97A /* AppDelegate.m */,
				0F01B3BA171BD63E005AB97A /* Supporting Files */,
				0FF2A273171CDB9900FF60A6 /* NetRequest */,
			);
			path = ReadBook;
			sourceTree = "<group>";
		};
		0F01B3BA171BD63E005AB97A /* Supporting Files */ = {
			isa = PBXGroup;
			children = (
				0F01B3BB171BD63E005AB97A /* ReadBook-Info.plist */,
				0F01B3BC171BD63E005AB97A /* InfoPlist.strings */,
				0F01B3BF171BD63E005AB97A /* main.m */,
				0F01B3C1171BD63E005AB97A /* ReadBook-Prefix.pch */,
				0F01B3C5171BD63E005AB97A /* Default.png */,
				0F01B3C7171BD63E005AB97A /* Default@2x.png */,
				0F01B3C9171BD63E005AB97A /* Default-568h@2x.png */,
			);
			name = "Supporting Files";
			sourceTree = "<group>";
		};
		0F01B3F2171C1D69005AB97A /* Images */ = {
			isa = PBXGroup;
			children = (
				0F1D0F69171FFFDF006DB9E1 /* bookMark.png */,
				0FF75A7C171F9BB200D6AE14 /* jiazai.png */,
				0FF75A7D171F9BB200D6AE14 /* beijing.png */,
				0FF75A7E171F9BB200D6AE14 /* 5.jpg */,
				0FF75A7F171F9BB200D6AE14 /* 4.jpg */,
				0FF75A80171F9BB200D6AE14 /* 3.jpg */,
				0FF75A81171F9BB200D6AE14 /* 2.jpg */,
				0FF75A82171F9BB200D6AE14 /* 1.jpg */,
				72A6411F171EC40D00C70203 /* tabbar_more.png */,
				72A6411D171EC1E800C70203 /* tabbar_search.png */,
				72FB8CFF171E2E4400FC1B33 /* BookShelfCell@2x.png */,
				72FB8D00171E2E4400FC1B33 /* BookShelfCell.png */,
				0F01B3F4171C1DBE005AB97A /* tabbar_home.png */,
				0F01B3F5171C1DBE005AB97A /* tabbar_rec.png */,
				0F01B3F6171C1DBE005AB97A /* tabbar_mark.png */,
			);
			path = Images;
			sourceTree = "<group>";
		};
		0F07BF71171D46670002D7CE /* 九宫格 */ = {
			isa = PBXGroup;
			children = (
				0F07BF72171D46CC0002D7CE /* UControllerView.h */,
				0F07BF73171D46CC0002D7CE /* UControllerView.m */,
				0F07BF75171D46E20002D7CE /* UWCollectionViewCell.h */,
				0F07BF76171D46E20002D7CE /* UWCollectionViewCell.m */,
				0F07BF78171D47030002D7CE /* UWCollectionViewLayout.h */,
				0F07BF79171D47030002D7CE /* UWCollectionViewLayout.m */,
				0F07BF7B171D47160002D7CE /* UWView.h */,
				0F07BF7C171D47160002D7CE /* UWView.m */,
			);
			name = "九宫格";
			sourceTree = "<group>";
		};
		0F1D0F18171D4D01006DB9E1 /* Model */ = {
			isa = PBXGroup;
			children = (
				7219F293171E7DD600E1CD9E /* Book.h */,
				7219F294171E7DD600E1CD9E /* Book.m */,
				0F1D0F1B171D4DB8006DB9E1 /* Model.xcdatamodeld */,
				0F1D0F49171D55EE006DB9E1 /* DefaultManager.h */,
				0F1D0F4A171D55EE006DB9E1 /* DefaultManager.m */,
			);
			name = Model;
			sourceTree = "<group>";
		};
		0F1D0F26171D5248006DB9E1 /* UIImageView+WebCache */ = {
			isa = PBXGroup;
			children = (
				0F1D0F27171D5248006DB9E1 /* MKAnnotationView+WebCache.h */,
				0F1D0F28171D5248006DB9E1 /* MKAnnotationView+WebCache.m */,
				0F1D0F29171D5248006DB9E1 /* SDImageCache.h */,
				0F1D0F2A171D5248006DB9E1 /* SDImageCache.m */,
				0F1D0F2B171D5248006DB9E1 /* SDWebImageCompat.h */,
				0F1D0F2C171D5248006DB9E1 /* SDWebImageCompat.m */,
				0F1D0F2D171D5248006DB9E1 /* SDWebImageDecoder.h */,
				0F1D0F2E171D5248006DB9E1 /* SDWebImageDecoder.m */,
				0F1D0F2F171D5248006DB9E1 /* SDWebImageDownloader.h */,
				0F1D0F30171D5248006DB9E1 /* SDWebImageDownloader.m */,
				0F1D0F31171D5248006DB9E1 /* SDWebImageDownloaderOperation.h */,
				0F1D0F32171D5248006DB9E1 /* SDWebImageDownloaderOperation.m */,
				0F1D0F33171D5248006DB9E1 /* SDWebImageManager.h */,
				0F1D0F34171D5248006DB9E1 /* SDWebImageManager.m */,
				0F1D0F35171D5248006DB9E1 /* SDWebImageOperation.h */,
				0F1D0F36171D5248006DB9E1 /* SDWebImagePrefetcher.h */,
				0F1D0F37171D5248006DB9E1 /* SDWebImagePrefetcher.m */,
				0F1D0F38171D5248006DB9E1 /* UIButton+WebCache.h */,
				0F1D0F39171D5248006DB9E1 /* UIButton+WebCache.m */,
				0F1D0F3A171D5248006DB9E1 /* UIImageView+WebCache.h */,
				0F1D0F3B171D5248006DB9E1 /* UIImageView+WebCache.m */,
			);
			path = "UIImageView+WebCache";
			sourceTree = "<group>";
		};
		0F1D0F4C171D6867006DB9E1 /* json */ = {
			isa = PBXGroup;
			children = (
				0F1D0F4D171D6867006DB9E1 /* JSON.h */,
				0F1D0F4E171D6867006DB9E1 /* NSObject+SBJSON.h */,
				0F1D0F4F171D6867006DB9E1 /* NSObject+SBJSON.m */,
				0F1D0F50171D6867006DB9E1 /* NSString+SBJSON.h */,
				0F1D0F51171D6867006DB9E1 /* NSString+SBJSON.m */,
				0F1D0F52171D6867006DB9E1 /* SBJSON.h */,
				0F1D0F53171D6867006DB9E1 /* SBJSON.m */,
				0F1D0F54171D6867006DB9E1 /* SBJsonBase.h */,
				0F1D0F55171D6867006DB9E1 /* SBJsonBase.m */,
				0F1D0F56171D6867006DB9E1 /* SBJsonParser.h */,
				0F1D0F57171D6867006DB9E1 /* SBJsonParser.m */,
				0F1D0F58171D6867006DB9E1 /* SBJsonWriter.h */,
				0F1D0F59171D6867006DB9E1 /* SBJsonWriter.m */,
			);
			path = json;
			sourceTree = "<group>";
		};
		0F700DA5171D422A00834995 /* 推荐 */ = {
			isa = PBXGroup;
			children = (
				0F07BF71171D46670002D7CE /* 九宫格 */,
				72A64116171EB98900C70203 /* ReadBookViewController.h */,
				72A64117171EB98900C70203 /* ReadBookViewController.m */,
				72A64118171EB98900C70203 /* ReadBookViewController.xib */,
				0F01B3D8171C1571005AB97A /* RecommendViewController.h */,
				0F01B3D9171C1571005AB97A /* RecommendViewController.m */,
				7219F28E171E721F00E1CD9E /* RecommendBookDetilViewController.h */,
				7219F28F171E721F00E1CD9E /* RecommendBookDetilViewController.m */,
				7219F290171E721F00E1CD9E /* RecommendBookDetilViewController.xib */,
				0F1D0F60171FD5EA006DB9E1 /* DownLoadReadViewController.h */,
				0F1D0F61171FD5EA006DB9E1 /* DownLoadReadViewController.m */,
				0F1D0F63171FEBA7006DB9E1 /* SaveBookMarkViewController.h */,
				0F1D0F64171FEBA7006DB9E1 /* SaveBookMarkViewController.m */,
				0F1D0F66171FF2CC006DB9E1 /* bookSave.h */,
				0F1D0F67171FF2CC006DB9E1 /* bookSave.m */,
			);
			name = "推荐";
			sourceTree = "<group>";
		};
		0F700DA6171D423B00834995 /* 专辑 */ = {
			isa = PBXGroup;
			children = (
				0F01B3DC171C15D8005AB97A /* BoardViewController.h */,
				0F01B3DD171C15D8005AB97A /* BoardViewController.m */,
				0FF75A76171F8F2900D6AE14 /* CustomTableViewCell.h */,
				0FF75A77171F8F2900D6AE14 /* CustomTableViewCell.m */,
				0FF75A79171F8F5B00D6AE14 /* OneBoardListViewController.h */,
				0FF75A7A171F8F5B00D6AE14 /* OneBoardListViewController.m */,
			);
			name = "专辑";
			sourceTree = "<group>";
		};
		0F700DA7171D424900834995 /* 搜索 */ = {
			isa = PBXGroup;
			children = (
				0F01B3DF171C15FF005AB97A /* SearchViewController.h */,
				0F01B3E0171C15FF005AB97A /* SearchViewController.m */,
			);
			name = "搜索";
			sourceTree = "<group>";
		};
		0F700DA8171D425300834995 /* 书签 */ = {
			isa = PBXGroup;
			children = (
				0F01B3E2171C1637005AB97A /* BookmarkViewController.h */,
				0F01B3E3171C1637005AB97A /* BookmarkViewController.m */,
			);
			name = "书签";
			sourceTree = "<group>";
		};
		0F700DA9171D426B00834995 /* 更多 */ = {
			isa = PBXGroup;
			children = (
				0F01B3E5171C164F005AB97A /* MoreViewController.h */,
				0F01B3E6171C164F005AB97A /* MoreViewController.m */,
			);
			name = "更多";
			sourceTree = "<group>";
		};
		0F700DAA171D427500834995 /* main */ = {
			isa = PBXGroup;
			children = (
				0F01B3EB171C1770005AB97A /* CustomTabbarViewController.h */,
				0F01B3EC171C1770005AB97A /* CustomTabbarViewController.m */,
			);
			name = main;
			sourceTree = "<group>";
		};
		0FF2A273171CDB9900FF60A6 /* NetRequest */ = {
			isa = PBXGroup;
			children = (
			);
			path = NetRequest;
			sourceTree = "<group>";
		};
/* End PBXGroup section */

/* Begin PBXNativeTarget section */
		0F01B3AE171BD63E005AB97A /* ReadBook */ = {
			isa = PBXNativeTarget;
			buildConfigurationList = 0F01B3CD171BD63E005AB97A /* Build configuration list for PBXNativeTarget "ReadBook" */;
			buildPhases = (
				0F01B3AB171BD63E005AB97A /* Sources */,
				0F01B3AC171BD63E005AB97A /* Frameworks */,
				0F01B3AD171BD63E005AB97A /* Resources */,
			);
			buildRules = (
			);
			dependencies = (
			);
			name = ReadBook;
			productName = ReadBook;
			productReference = 0F01B3AF171BD63E005AB97A /* ReadBook.app */;
			productType = "com.apple.product-type.application";
		};
/* End PBXNativeTarget section */

/* Begin PBXProject section */
		0F01B3A6171BD63E005AB97A /* Project object */ = {
			isa = PBXProject;
			attributes = {
				LastUpgradeCheck = 0450;
				ORGANIZATIONNAME = kangxv;
			};
			buildConfigurationList = 0F01B3A9171BD63E005AB97A /* Build configuration list for PBXProject "ReadBook" */;
			compatibilityVersion = "Xcode 3.2";
			developmentRegion = English;
			hasScannedForEncodings = 0;
			knownRegions = (
				en,
			);
			mainGroup = 0F01B3A4171BD63E005AB97A;
			productRefGroup = 0F01B3B0171BD63E005AB97A /* Products */;
			projectDirPath = "";
			projectRoot = "";
			targets = (
				0F01B3AE171BD63E005AB97A /* ReadBook */,
			);
		};
/* End PBXProject section */

/* Begin PBXResourcesBuildPhase section */
		0F01B3AD171BD63E005AB97A /* Resources */ = {
			isa = PBXResourcesBuildPhase;
			buildActionMask = 2147483647;
			files = (
				0F01B3BE171BD63E005AB97A /* InfoPlist.strings in Resources */,
				0F01B3C6171BD63E005AB97A /* Default.png in Resources */,
				0F01B3C8171BD63E005AB97A /* Default@2x.png in Resources */,
				0F01B3CA171BD63E005AB97A /* Default-568h@2x.png in Resources */,
				0F01B3F7171C1DBE005AB97A /* tabbar_home.png in Resources */,
				0F01B3F8171C1DBE005AB97A /* tabbar_rec.png in Resources */,
				0F01B3F9171C1DBE005AB97A /* tabbar_mark.png in Resources */,
				72FB8D01171E2E4400FC1B33 /* BookShelfCell@2x.png in Resources */,
				72FB8D02171E2E4400FC1B33 /* BookShelfCell.png in Resources */,
				7219F292171E721F00E1CD9E /* RecommendBookDetilViewController.xib in Resources */,
				72A6411A171EB98900C70203 /* ReadBookViewController.xib in Resources */,
				72A6411E171EC1E800C70203 /* tabbar_search.png in Resources */,
				72A64120171EC40D00C70203 /* tabbar_more.png in Resources */,
				0FF75A83171F9BB300D6AE14 /* jiazai.png in Resources */,
				0FF75A84171F9BB300D6AE14 /* beijing.png in Resources */,
				0FF75A85171F9BB300D6AE14 /* 5.jpg in Resources */,
				0FF75A86171F9BB300D6AE14 /* 4.jpg in Resources */,
				0FF75A87171F9BB300D6AE14 /* 3.jpg in Resources */,
				0FF75A88171F9BB300D6AE14 /* 2.jpg in Resources */,
				0FF75A89171F9BB300D6AE14 /* 1.jpg in Resources */,
				0F1D0F6A171FFFDF006DB9E1 /* bookMark.png in Resources */,
			);
			runOnlyForDeploymentPostprocessing = 0;
		};
/* End PBXResourcesBuildPhase section */

/* Begin PBXSourcesBuildPhase section */
		0F01B3AB171BD63E005AB97A /* Sources */ = {
			isa = PBXSourcesBuildPhase;
			buildActionMask = 2147483647;
			files = (
				0F01B3C0171BD63E005AB97A /* main.m in Sources */,
				0F01B3C4171BD63E005AB97A /* AppDelegate.m in Sources */,
				0F01B3DA171C1571005AB97A /* RecommendViewController.m in Sources */,
				0F01B3DE171C15D8005AB97A /* BoardViewController.m in Sources */,
				0F01B3E1171C15FF005AB97A /* SearchViewController.m in Sources */,
				0F01B3E4171C1637005AB97A /* BookmarkViewController.m in Sources */,
				0F01B3E7171C164F005AB97A /* MoreViewController.m in Sources */,
				0F01B3ED171C1770005AB97A /* CustomTabbarViewController.m in Sources */,
				0F07BF74171D46CC0002D7CE /* UControllerView.m in Sources */,
				0F07BF77171D46E20002D7CE /* UWCollectionViewCell.m in Sources */,
				0F07BF7A171D47030002D7CE /* UWCollectionViewLayout.m in Sources */,
				0F07BF7D171D47160002D7CE /* UWView.m in Sources */,
				0F1D0F1D171D4DB8006DB9E1 /* Model.xcdatamodeld in Sources */,
				0F1D0F3C171D5248006DB9E1 /* MKAnnotationView+WebCache.m in Sources */,
				0F1D0F3D171D5248006DB9E1 /* SDImageCache.m in Sources */,
				0F1D0F3E171D5248006DB9E1 /* SDWebImageCompat.m in Sources */,
				0F1D0F3F171D5248006DB9E1 /* SDWebImageDecoder.m in Sources */,
				0F1D0F40171D5248006DB9E1 /* SDWebImageDownloader.m in Sources */,
				0F1D0F41171D5248006DB9E1 /* SDWebImageDownloaderOperation.m in Sources */,
				0F1D0F42171D5248006DB9E1 /* SDWebImageManager.m in Sources */,
				0F1D0F43171D5248006DB9E1 /* SDWebImagePrefetcher.m in Sources */,
				0F1D0F44171D5248006DB9E1 /* UIButton+WebCache.m in Sources */,
				0F1D0F45171D5248006DB9E1 /* UIImageView+WebCache.m in Sources */,
				0F1D0F4B171D55EE006DB9E1 /* DefaultManager.m in Sources */,
				0F1D0F5A171D6867006DB9E1 /* NSObject+SBJSON.m in Sources */,
				0F1D0F5B171D6867006DB9E1 /* NSString+SBJSON.m in Sources */,
				0F1D0F5C171D6867006DB9E1 /* SBJSON.m in Sources */,
				0F1D0F5D171D6867006DB9E1 /* SBJsonBase.m in Sources */,
				0F1D0F5E171D6867006DB9E1 /* SBJsonParser.m in Sources */,
				0F1D0F5F171D6867006DB9E1 /* SBJsonWriter.m in Sources */,
				7219F291171E721F00E1CD9E /* RecommendBookDetilViewController.m in Sources */,
				7219F295171E7DD600E1CD9E /* Book.m in Sources */,
				72A64119171EB98900C70203 /* ReadBookViewController.m in Sources */,
				0FF75A78171F8F2900D6AE14 /* CustomTableViewCell.m in Sources */,
				0FF75A7B171F8F5B00D6AE14 /* OneBoardListViewController.m in Sources */,
				0F1D0F62171FD5EA006DB9E1 /* DownLoadReadViewController.m in Sources */,
				0F1D0F65171FEBA7006DB9E1 /* SaveBookMarkViewController.m in Sources */,
				0F1D0F68171FF2CD006DB9E1 /* bookSave.m in Sources */,
			);
			runOnlyForDeploymentPostprocessing = 0;
		};
/* End PBXSourcesBuildPhase section */

/* Begin PBXVariantGroup section */
		0F01B3BC171BD63E005AB97A /* InfoPlist.strings */ = {
			isa = PBXVariantGroup;
			children = (
				0F01B3BD171BD63E005AB97A /* en */,
			);
			name = InfoPlist.strings;
			sourceTree = "<group>";
		};
/* End PBXVariantGroup section */

/* Begin XCBuildConfiguration section */
		0F01B3CB171BD63E005AB97A /* Debug */ = {
			isa = XCBuildConfiguration;
			buildSettings = {
				ALWAYS_SEARCH_USER_PATHS = NO;
				CLANG_CXX_LANGUAGE_STANDARD = "gnu++0x";
				CLANG_CXX_LIBRARY = "libc++";
				CLANG_WARN_EMPTY_BODY = YES;
				CLANG_WARN__DUPLICATE_METHOD_MATCH = YES;
				"CODE_SIGN_IDENTITY[sdk=iphoneos*]" = "iPhone Developer";
				COPY_PHASE_STRIP = NO;
				GCC_C_LANGUAGE_STANDARD = gnu99;
				GCC_DYNAMIC_NO_PIC = NO;
				GCC_OPTIMIZATION_LEVEL = 0;
				GCC_PREPROCESSOR_DEFINITIONS = (
					"DEBUG=1",
					"$(inherited)",
				);
				GCC_SYMBOLS_PRIVATE_EXTERN = NO;
				GCC_WARN_ABOUT_RETURN_TYPE = YES;
				GCC_WARN_UNINITIALIZED_AUTOS = YES;
				GCC_WARN_UNUSED_VARIABLE = YES;
				IPHONEOS_DEPLOYMENT_TARGET = 6.0;
				ONLY_ACTIVE_ARCH = YES;
				SDKROOT = iphoneos;
			};
			name = Debug;
		};
		0F01B3CC171BD63E005AB97A /* Release */ = {
			isa = XCBuildConfiguration;
			buildSettings = {
				ALWAYS_SEARCH_USER_PATHS = NO;
				CLANG_CXX_LANGUAGE_STANDARD = "gnu++0x";
				CLANG_CXX_LIBRARY = "libc++";
				CLANG_WARN_EMPTY_BODY = YES;
				CLANG_WARN__DUPLICATE_METHOD_MATCH = YES;
				"CODE_SIGN_IDENTITY[sdk=iphoneos*]" = "iPhone Developer";
				COPY_PHASE_STRIP = YES;
				GCC_C_LANGUAGE_STANDARD = gnu99;
				GCC_WARN_ABOUT_RETURN_TYPE = YES;
				GCC_WARN_UNINITIALIZED_AUTOS = YES;
				GCC_WARN_UNUSED_VARIABLE = YES;
				IPHONEOS_DEPLOYMENT_TARGET = 6.0;
				OTHER_CFLAGS = "-DNS_BLOCK_ASSERTIONS=1";
				SDKROOT = iphoneos;
				VALIDATE_PRODUCT = YES;
			};
			name = Release;
		};
		0F01B3CE171BD63E005AB97A /* Debug */ = {
			isa = XCBuildConfiguration;
			buildSettings = {
				GCC_PRECOMPILE_PREFIX_HEADER = YES;
				GCC_PREFIX_HEADER = "ReadBook/ReadBook-Prefix.pch";
				INFOPLIST_FILE = "ReadBook/ReadBook-Info.plist";
				PRODUCT_NAME = "$(TARGET_NAME)";
				WRAPPER_EXTENSION = app;
			};
			name = Debug;
		};
		0F01B3CF171BD63E005AB97A /* Release */ = {
			isa = XCBuildConfiguration;
			buildSettings = {
				GCC_PRECOMPILE_PREFIX_HEADER = YES;
				GCC_PREFIX_HEADER = "ReadBook/ReadBook-Prefix.pch";
				INFOPLIST_FILE = "ReadBook/ReadBook-Info.plist";
				PRODUCT_NAME = "$(TARGET_NAME)";
				WRAPPER_EXTENSION = app;
			};
			name = Release;
		};
/* End XCBuildConfiguration section */

/* Begin XCConfigurationList section */
		0F01B3A9171BD63E005AB97A /* Build configuration list for PBXProject "ReadBook" */ = {
			isa = XCConfigurationList;
			buildConfigurations = (
				0F01B3CB171BD63E005AB97A /* Debug */,
				0F01B3CC171BD63E005AB97A /* Release */,
			);
			defaultConfigurationIsVisible = 0;
			defaultConfigurationName = Release;
		};
		0F01B3CD171BD63E005AB97A /* Build configuration list for PBXNativeTarget "ReadBook" */ = {
			isa = XCConfigurationList;
			buildConfigurations = (
				0F01B3CE171BD63E005AB97A /* Debug */,
				0F01B3CF171BD63E005AB97A /* Release */,
			);
			defaultConfigurationIsVisible = 0;
			defaultConfigurationName = Release;
		};
/* End XCConfigurationList section */

/* Begin XCVersionGroup section */
		0F1D0F1B171D4DB8006DB9E1 /* Model.xcdatamodeld */ = {
			isa = XCVersionGroup;
			children = (
				0F1D0F1C171D4DB8006DB9E1 /* Model.xcdatamodel */,
			);
			currentVersion = 0F1D0F1C171D4DB8006DB9E1 /* Model.xcdatamodel */;
			path = Model.xcdatamodeld;
			sourceTree = "<group>";
			versionGroupType = wrapper.xcdatamodel;
		};
/* End XCVersionGroup section */
	};
	rootObject = 0F01B3A6171BD63E005AB97A /* Project object */;
}
